lockfileVersion: '9.0'

settings:
  autoInstallPeers: true
  excludeLinksFromLockfile: false

importers:

  .:
    dependencies:
      '@electron/asar':
        specifier: 4.3.1
        version: 4.3.1
      '@electron/fuses':
        specifier: 2.1.3
        version: 2.1.3
      '@electron/osx-sign':
        specifier: 2.7.1
        version: 2.7.1
      zod:
        specifier: 4.6.5
        version: 4.6.5

packages:

  '@electron/asar@4.3.1':
    resolution: {integrity: sha512-6pI64z/tMSBkUTZLQFYhs2YiB7fS9sKA6gy7/2nH1Ju7GGwT32UPsj4Mxsws5NMmtR6C0zYdXVxEU/rGqJRCJA==}
    engines: {node: '>=22.12.0'}
    hasBin: true

  '@electron/fuses@2.1.3':
    resolution: {integrity: sha512-LoKJUXNiJ4JM8IIrUltSHI+8pkogaGj5wmJx81jE/Wk3g2w1/kfMbTEKNoY5kitGE8hiC12h32R/1SlywFtxXg==}
    engines: {node: '>=22.12.0'}
    hasBin: true

  '@electron/osx-sign@2.7.1':
    resolution: {integrity: sha512-VZ7Ei2PpqBxPU0Kf1evYSiQKCaluIy6t/DSlNpYZQX0z27KwNNHuJR1bz3Pqj1DIL5EySD8RlH2PRrsrfLEdKg==}
    engines: {node: '>=22.12.0'}
    hasBin: true

  '@xmldom/xmldom@0.9.12':
    resolution: {integrity: sha512-5AXjrcMClTryPe9LgZrygpB1lj7s0S9E0+W+AHaVKAVyHanafK86iPSvG5xHVSp/jC+VH1UXu0TAEmY279xH7A==}
    engines: {node: '>=14.6'}

  balanced-match@4.0.4:
    resolution: {integrity: sha512-BLrgEcRTwX2o6gGxGOCNyMvGSp35YofuYzw9h1IMTRmKqttAZZVU67bdb9Pr2vUHA8+j3i2tJfjO6C6+4myGTA==}
    engines: {node: 18 || 20 || >=22}

  base64-js@1.5.1:
    resolution: {integrity: sha512-AKpaYlHn8t4SVbOHCy+b5+KKgvR4vrsD8vbvrbiQJps7fKDTkjkDry6ji0rUJjC0kzbNePLwzxq8iypo41qeWA==}

  brace-expansion@5.0.12:
    resolution: {integrity: sha512-YovQ3rzhaLMIrDjNDMkNS01tea93qhEhG5xy8f6+R0l+dw3Ki+5sCoIoI942iuLZTHWogWktgwVDhU09iNEimQ==}
    engines: {node: 20 || >=22}

  debug@4.4.3:
    resolution: {integrity: sha512-RGwwWnwQvkVfavKVt22FGLw+xYSdzARwm0ru6DhTVA3umU5hZc28V3kO4stgYryrTlLpuvgI9GiijltAjNbcqA==}
    engines: {node: '>=6.0'}
    peerDependencies:
      supports-color: '*'
    peerDependenciesMeta:
      supports-color:
        optional: true

  glob@13.0.6:
    resolution: {integrity: sha512-Wjlyrolmm8uDpm/ogGyXZXb1Z+Ca2B8NbJwqBVg0axK9GbBeoS7yGV6vjXnYdGm6X53iehEuxxbyiKp8QmN4Vw==}
    engines: {node: 18 || 20 || >=22}

  isbinaryfile@4.0.10:
    resolution: {integrity: sha512-iHrqe5shvBUcFbmZq9zOQHBoeOhZJu6RQGrDpBgenUm/Am+F3JM2MgQj+rK3Z601fzrL5gLZWtAPH2OBaSVcyw==}
    engines: {node: '>= 8.0.0'}

  lru-cache@11.5.3:
    resolution: {integrity: sha512-U4N8FgzmWxc8k1VH8Kr6lQg18U7Fjvby6wXHVRX/ZZ7IwWbRMgrRbP0Wrb5q5NVinryp4SQampHKdvtecItxUg==}
    engines: {node: 20 || >=22}

  minimatch@10.2.6:
    resolution: {integrity: sha512-vpLQEs+VLCr1nU0BXS07maYoFwlDAH0gngQuuttxIwutDFEMHq2blX+8vpgxDdK3J1PwjCJiep77OitTZ4Ll1A==}
    engines: {node: 18 || 20 || >=22}

  minipass@7.1.3:
    resolution: {integrity: sha512-tEBHqDnIoM/1rXME1zgka9g6Q2lcoCkxHLuc7ODJ5BxbP5d4c2Z5cGgtXAku59200Cx7diuHTOYfSBD8n6mm8A==}
    engines: {node: '>=16 || 14 >=14.17'}

  ms@2.1.3:
    resolution: {integrity: sha512-6FlzubTLZG3J2a/NVCAleEhjzq5oxgHyaCU9yYXvcLsvoVaHJq/s5xXI6/XXP6tz7R9xAOtHnSO/tXtF3WRTlA==}

  path-scurry@2.0.2:
    resolution: {integrity: sha512-3O/iVVsJAPsOnpwWIeD+d6z/7PmqApyQePUtCndjatj/9I5LylHvt5qluFaBT3I5h3r1ejfR056c+FCv+NnNXg==}
    engines: {node: 18 || 20 || >=22}

  plist@3.1.1:
    resolution: {integrity: sha512-ZIfcLJC+7E7FBFnDxm9MPmt7D+DidyQ26lewieO75AdhA2ayMtsJSES0iWzqJQbcVRSrTufQoy0DR94xHue0oA==}
    engines: {node: '>=10.4.0'}

  semver@7.8.5:
    resolution: {integrity: sha512-Y7/KDsb8LjooZpwaqGyulO6DQlksgCncchHGk+sZIY4SBvUocMBEFH5Ur1fI4dV+Jvl0w6cjvucaIi40puRioA==}
    engines: {node: '>=10'}
    hasBin: true

  xmlbuilder@15.1.1:
    resolution: {integrity: sha512-yMqGBqtXyeN1e3TGYvgNgDVZ3j84W4cwkOXQswghol6APgZWaff9lnbvN7MHYJOiXsvGPXtjTYJEiC9J2wv9Eg==}
    engines: {node: '>=8.0'}

  zod@4.6.5:
    resolution: {integrity: sha512-v5l/aFXZQeai4awLbOpSoHecE9UiMrnfx75tEXLjNonXVARxQ5mOeipTjROUchszUNCqnE+hqAMujRsRHsut2Q==}

snapshots:

  '@electron/asar@4.3.1':
    dependencies:
      glob: 13.0.6
      minimatch: 10.2.6

  '@electron/fuses@2.1.3': {}

  '@electron/osx-sign@2.7.1':
    dependencies:
      debug: 4.4.3
      isbinaryfile: 4.0.10
      plist: 3.1.1
      semver: 7.8.5
    transitivePeerDependencies:
      - supports-color

  '@xmldom/xmldom@0.9.12': {}

  balanced-match@4.0.4: {}

  base64-js@1.5.1: {}

  brace-expansion@5.0.12:
    dependencies:
      balanced-match: 4.0.4

  debug@4.4.3:
    dependencies:
      ms: 2.1.3

  glob@13.0.6:
    dependencies:
      minimatch: 10.2.6
      minipass: 7.1.3
      path-scurry: 2.0.2

  isbinaryfile@4.0.10: {}

  lru-cache@11.5.3: {}

  minimatch@10.2.6:
    dependencies:
      brace-expansion: 5.0.12

  minipass@7.1.3: {}

  ms@2.1.3: {}

  path-scurry@2.0.2:
    dependencies:
      lru-cache: 11.5.3
      minipass: 7.1.3

  plist@3.1.1:
    dependencies:
      '@xmldom/xmldom': 0.9.12
      base64-js: 1.5.1
      xmlbuilder: 15.1.1

  semver@7.8.5: {}

  xmlbuilder@15.1.1: {}

  zod@4.6.5: {}
